
Microsoft Visual Studio Solution File, Format Version 12.00
# Visual Studio Version 16
VisualStudioVersion = 16.0.28729.10
MinimumVisualStudioVersion = 10.0.40219.1
Project("{9A19103F-16F7-4668-BE54-9A1E7A4F7556}") = "Shark.Server", "Shark.Server\Shark.Server.csproj", "{08971640-D508-4CA1-BC0E-5A2BB094403A}"
EndProject
Project("{9A19103F-16F7-4668-BE54-9A1E7A4F7556}") = "Shark.Commons", "Shark.Commons\Shark.Commons.csproj", "{152CAA10-E38A-4362-BC02-231AE7EEB5E4}"
EndProject
Project("{9A19103F-16F7-4668-BE54-9A1E7A4F7556}") = "Shark.Client", "Shark.Client\Shark.Client.csproj", "{5242BF7A-A713-43B6-A38E-5912A58BC0F6}"
EndProject
Project("{9A19103F-16F7-4668-BE54-9A1E7A4F7556}") = "Shark.Client.Tool", "Shark.Client.Tool\Shark.Client.Tool.csproj", "{EAB3F679-31E6-4F29-BCB3-BD1D64C89F6F}"
EndProject
Project("{9A19103F-16F7-4668-BE54-9A1E7A4F7556}") = "Shark.Server.Tool", "Shark.Server.Tool\Shark.Server.Tool.csproj", "{6AA59A81-6FC7-47E7-9A9D-09A53E0B0EBB}"
EndProject
Project("{2150E333-8FDC-42A3-9474-1A3956D46DE8}") = "Solution Items", "Solution Items", "{D2DBDED8-8CC2-47E3-97F9-F7F8A6CCA8E2}"
	ProjectSection(SolutionItems) = preProject
		.gitignore = .gitignore
		config.yml = config.yml
		Directory.Build.props = Directory.Build.props
		LICENSE = LICENSE
		privoxy-config.txt = privoxy-config.txt
		README.md = README.md
	EndProjectSection
EndProject
Project("{9A19103F-16F7-4668-BE54-9A1E7A4F7556}") = "Shark.Plugins", "Shark.Plugins\Shark.Plugins.csproj", "{79F1BA75-FE9E-43CF-94BC-DB65B3623930}"
EndProject
Global
	GlobalSection(SolutionConfigurationPlatforms) = preSolution
		Debug|Any CPU = Debug|Any CPU
		Release|Any CPU = Release|Any CPU
	EndGlobalSection
	GlobalSection(ProjectConfigurationPlatforms) = postSolution
		{08971640-D508-4CA1-BC0E-5A2BB094403A}.Debug|Any CPU.ActiveCfg = Debug|Any CPU
		{08971640-D508-4CA1-BC0E-5A2BB094403A}.Debug|Any CPU.Build.0 = Debug|Any CPU
		{08971640-D508-4CA1-BC0E-5A2BB094403A}.Release|Any CPU.ActiveCfg = Release|Any CPU
		{08971640-D508-4CA1-BC0E-5A2BB094403A}.Release|Any CPU.Build.0 = Release|Any CPU
		{152CAA10-E38A-4362-BC02-231AE7EEB5E4}.Debug|Any CPU.ActiveCfg = Debug|Any CPU
		{152CAA10-E38A-4362-BC02-231AE7EEB5E4}.Debug|Any CPU.Build.0 = Debug|Any CPU
		{152CAA10-E38A-4362-BC02-231AE7EEB5E4}.Release|Any CPU.ActiveCfg = Release|Any CPU
		{152CAA10-E38A-4362-BC02-231AE7EEB5E4}.Release|Any CPU.Build.0 = Release|Any CPU
		{5242BF7A-A713-43B6-A38E-5912A58BC0F6}.Debug|Any CPU.ActiveCfg = Debug|Any CPU
		{5242BF7A-A713-43B6-A38E-5912A58BC0F6}.Debug|Any CPU.Build.0 = Debug|Any CPU
		{5242BF7A-A713-43B6-A38E-5912A58BC0F6}.Release|Any CPU.ActiveCfg = Release|Any CPU
		{5242BF7A-A713-43B6-A38E-5912A58BC0F6}.Release|Any CPU.Build.0 = Release|Any CPU
		{EAB3F679-31E6-4F29-BCB3-BD1D64C89F6F}.Debug|Any CPU.ActiveCfg = Debug|Any CPU
		{EAB3F679-31E6-4F29-BCB3-BD1D64C89F6F}.Debug|Any CPU.Build.0 = Debug|Any CPU
		{EAB3F679-31E6-4F29-BCB3-BD1D64C89F6F}.Release|Any CPU.ActiveCfg = Release|Any CPU
		{EAB3F679-31E6-4F29-BCB3-BD1D64C89F6F}.Release|Any CPU.Build.0 = Release|Any CPU
		{6AA59A81-6FC7-47E7-9A9D-09A53E0B0EBB}.Debug|Any CPU.ActiveCfg = Debug|Any CPU
		{6AA59A81-6FC7-47E7-9A9D-09A53E0B0EBB}.Debug|Any CPU.Build.0 = Debug|Any CPU
		{6AA59A81-6FC7-47E7-9A9D-09A53E0B0EBB}.Release|Any CPU.ActiveCfg = Release|Any CPU
		{6AA59A81-6FC7-47E7-9A9D-09A53E0B0EBB}.Release|Any CPU.Build.0 = Release|Any CPU
		{79F1BA75-FE9E-43CF-94BC-DB65B3623930}.Debug|Any CPU.ActiveCfg = Debug|Any CPU
		{79F1BA75-FE9E-43CF-94BC-DB65B3623930}.Debug|Any CPU.Build.0 = Debug|Any CPU
		{79F1BA75-FE9E-43CF-94BC-DB65B3623930}.Release|Any CPU.ActiveCfg = Release|Any CPU
		{79F1BA75-FE9E-43CF-94BC-DB65B3623930}.Release|Any CPU.Build.0 = Release|Any CPU
	EndGlobalSection
	GlobalSection(SolutionProperties) = preSolution
		HideSolutionNode = FALSE
	EndGlobalSection
	GlobalSection(ExtensibilityGlobals) = postSolution
		SolutionGuid = {F75EA340-77AD-4B9D-A241-9B552B3B3C40}
	EndGlobalSection
EndGlobal
